// !$*UTF8*$!
{
	archiveVersion = 1;
	classes = {
	};
	objectVersion = 50;
	objects = {

/* Begin PBXBuildFile section */
		0C85038A22E78364004FD575 /* AppDelegate.swift in Sources */ = {isa = PBXBuildFile; fileRef = 0C85038922E78364004FD575 /* AppDelegate.swift */; };
		0C85038C22E78364004FD575 /* ViewController.swift in Sources */ = {isa = PBXBuildFile; fileRef = 0C85038B22E78364004FD575 /* ViewController.swift */; };
		0C85038F22E78364004FD575 /* Main.storyboard in Resources */ = {isa = PBXBuildFile; fileRef = 0C85038D22E78364004FD575 /* Main.storyboard */; };
		0C85039122E7836E004FD575 /* Assets.xcassets in Resources */ = {isa = PBXBuildFile; fileRef = 0C85039022E7836E004FD575 /* Assets.xcassets */; };
		0C85039422E7836E004FD575 /* LaunchScreen.storyboard in Resources */ = {isa = PBXBuildFile; fileRef = 0C85039222E7836E004FD575 /* LaunchScreen.storyboard */; };
		0C85039F22E7836E004FD575 /* MusicWireframeTests.swift in Sources */ = {isa = PBXBuildFile; fileRef = 0C85039E22E7836E004FD575 /* MusicWireframeTests.swift */; };
		0C8503AA22E7836E004FD575 /* MusicWireframeUITests.swift in Sources */ = {isa = PBXBuildFile; fileRef = 0C8503A922E7836E004FD575 /* MusicWireframeUITests.swift */; };
/* End PBXBuildFile section */

/* Begin PBXContainerItemProxy section */
		0C85039B22E7836E004FD575 /* PBXContainerItemProxy */ = {
			isa = PBXContainerItemProxy;
			containerPortal = 0C85037E22E78364004FD575 /* Project object */;
			proxyType = 1;
			remoteGlobalIDString = 0C85038522E78364004FD575;
			remoteInfo = MusicWireframe;
		};
		0C8503A622E7836E004FD575 /* PBXContainerItemProxy */ = {
			isa = PBXContainerItemProxy;
			containerPortal = 0C85037E22E78364004FD575 /* Project object */;
			proxyType = 1;
			remoteGlobalIDString = 0C85038522E78364004FD575;
			remoteInfo = MusicWireframe;
		};
/* End PBXContainerItemProxy section */

/* Begin PBXFileReference section */
		0C85038622E78364004FD575 /* MusicWireframe.app */ = {isa = PBXFileReference; explicitFileType = wrapper.application; includeInIndex = 0; path = MusicWireframe.app; sourceTree = BUILT_PRODUCTS_DIR; };
		0C85038922E78364004FD575 /* AppDelegate.swift */ = {isa = PBXFileReference; lastKnownFileType = sourcecode.swift; path = AppDelegate.swift; sourceTree = "<group>"; };
		0C85038B22E78364004FD575 /* ViewController.swift */ = {isa = PBXFileReference; lastKnownFileType = sourcecode.swift; path = ViewController.swift; sourceTree = "<group>"; };
		0C85038E22E78364004FD575 /* Base */ = {isa = PBXFileReference; lastKnownFileType = file.storyboard; name = Base; path = Base.lproj/Main.storyboard; sourceTree = "<group>"; };
		0C85039022E7836E004FD575 /* Assets.xcassets */ = {isa = PBXFileReference; lastKnownFileType = folder.assetcatalog; path = Assets.xcassets; sourceTree = "<group>"; };
		0C85039322E7836E004FD575 /* Base */ = {isa = PBXFileReference; lastKnownFileType = file.storyboard; name = Base; path = Base.lproj/LaunchScreen.storyboard; sourceTree = "<group>"; };
		0C85039522E7836E004FD575 /* Info.plist */ = {isa = PBXFileReference; lastKnownFileType = text.plist.xml; path = Info.plist; sourceTree = "<group>"; };
		0C85039A22E7836E004FD575 /* MusicWireframeTests.xctest */ = {isa = PBXFileReference; explicitFileType = wrapper.cfbundle; includeInIndex = 0; path = MusicWireframeTests.xctest; sourceTree = BUILT_PRODUCTS_DIR; };
		0C85039E22E7836E004FD575 /* MusicWireframeTests.swift */ = {isa = PBXFileReference; lastKnownFileType = sourcecode.swift; path = MusicWireframeTests.swift; sourceTree = "<group>"; };
		0C8503A022E7836E004FD575 /* Info.plist */ = {isa = PBXFileReference; lastKnownFileType = text.plist.xml; path = Info.plist; sourceTree = "<group>"; };
		0C8503A522E7836E004FD575 /* MusicWireframeUITests.xctest */ = {isa = PBXFileReference; explicitFileType = wrapper.cfbundle; includeInIndex = 0; path = MusicWireframeUITests.xctest; sourceTree = BUILT_PRODUCTS_DIR; };
		0C8503A922E7836E004FD575 /* MusicWireframeUITests.swift */ = {isa = PBXFileReference; lastKnownFileType = sourcecode.swift; path = MusicWireframeUITests.swift; sourceTree = "<group>"; };
		0C8503AB22E7836E004FD575 /* Info.plist */ = {isa = PBXFileReference; lastKnownFileType = text.plist.xml; path = Info.plist; sourceTree = "<group>"; };
/* End PBXFileReference section */

/* Begin PBXFrameworksBuildPhase section */
		0C85038322E78364004FD575 /* Frameworks */ = {
			isa = PBXFrameworksBuildPhase;
			buildActionMask = 2147483647;
			files = (
			);
			runOnlyForDeploymentPostprocessing = 0;
		};
		0C85039722E7836E004FD575 /* Frameworks */ = {
			isa = PBXFrameworksBuildPhase;
			buildActionMask = 2147483647;
			files = (
			);
			runOnlyForDeploymentPostprocessing = 0;
		};
		0C8503A222E7836E004FD575 /* Frameworks */ = {
			isa = PBXFrameworksBuildPhase;
			buildActionMask = 2147483647;
			files = (
			);
			runOnlyForDeploymentPostprocessing = 0;
		};
/* End PBXFrameworksBuildPhase section */

/* Begin PBXGroup section */
		0C85037D22E78364004FD575 = {
			isa = PBXGroup;
			children = (
				0C85038822E78364004FD575 /* MusicWireframe */,
				0C85039D22E7836E004FD575 /* MusicWireframeTests */,
				0C8503A822E7836E004FD575 /* MusicWireframeUITests */,
				0C85038722E78364004FD575 /* Products */,
			);
			sourceTree = "<group>";
		};
		0C85038722E78364004FD575 /* Products */ = {
			isa = PBXGroup;
			children = (
				0C85038622E78364004FD575 /* MusicWireframe.app */,
				0C85039A22E7836E004FD575 /* MusicWireframeTests.xctest */,
				0C8503A522E7836E004FD575 /* MusicWireframeUITests.xctest */,
			);
			name = Products;
			sourceTree = "<group>";
		};
		0C85038822E78364004FD575 /* MusicWireframe */ = {
			isa = PBXGroup;
			children = (
				0C85038922E78364004FD575 /* AppDelegate.swift */,
				0C85038B22E78364004FD575 /* ViewController.swift */,
				0C85038D22E78364004FD575 /* Main.storyboard */,
				0C85039022E7836E004FD575 /* Assets.xcassets */,
				0C85039222E7836E004FD575 /* LaunchScreen.storyboard */,
				0C85039522E7836E004FD575 /* Info.plist */,
			);
			path = MusicWireframe;
			sourceTree = "<group>";
		};
		0C85039D22E7836E004FD575 /* MusicWireframeTests */ = {
			isa = PBXGroup;
			children = (
				0C85039E22E7836E004FD575 /* MusicWireframeTests.swift */,
				0C8503A022E7836E004FD575 /* Info.plist */,
			);
			path = MusicWireframeTests;
			sourceTree = "<group>";
		};
		0C8503A822E7836E004FD575 /* MusicWireframeUITests */ = {
			isa = PBXGroup;
			children = (
				0C8503A922E7836E004FD575 /* MusicWireframeUITests.swift */,
				0C8503AB22E7836E004FD575 /* Info.plist */,
			);
			path = MusicWireframeUITests;
			sourceTree = "<group>";
		};
/* End PBXGroup section */

/* Begin PBXNativeTarget section */
		0C85038522E78364004FD575 /* MusicWireframe */ = {
			isa = PBXNativeTarget;
			buildConfigurationList = 0C8503AE22E7836E004FD575 /* Build configuration list for PBXNativeTarget "MusicWireframe" */;
			buildPhases = (
				0C85038222E78364004FD575 /* Sources */,
				0C85038322E78364004FD575 /* Frameworks */,
				0C85038422E78364004FD575 /* Resources */,
			);
			buildRules = (
			);
			dependencies = (
			);
			name = MusicWireframe;
			productName = MusicWireframe;
			productReference = 0C85038622E78364004FD575 /* MusicWireframe.app */;
			productType = "com.apple.product-type.application";
		};
		0C85039922E7836E004FD575 /* MusicWireframeTests */ = {
			isa = PBXNativeTarget;
			buildConfigurationList = 0C8503B122E7836E004FD575 /* Build configuration list for PBXNativeTarget "MusicWireframeTests" */;
			buildPhases = (
				0C85039622E7836E004FD575 /* Sources */,
				0C85039722E7836E004FD575 /* Frameworks */,
				0C85039822E7836E004FD575 /* Resources */,
			);
			buildRules = (
			);
			dependencies = (
				0C85039C22E7836E004FD575 /* PBXTargetDependency */,
			);
			name = MusicWireframeTests;
			productName = MusicWireframeTests;
			productReference = 0C85039A22E7836E004FD575 /* MusicWireframeTests.xctest */;
			productType = "com.apple.product-type.bundle.unit-test";
		};
		0C8503A422E7836E004FD575 /* MusicWireframeUITests */ = {
			isa = PBXNativeTarget;
			buildConfigurationList = 0C8503B422E7836E004FD575 /* Build configuration list for PBXNativeTarget "MusicWireframeUITests" */;
			buildPhases = (
				0C8503A122E7836E004FD575 /* Sources */,
				0C8503A222E7836E004FD575 /* Frameworks */,
				0C8503A322E7836E004FD575 /* Resources */,
			);
			buildRules = (
			);
			dependencies = (
				0C8503A722E7836E004FD575 /* PBXTargetDependency */,
			);
			name = MusicWireframeUITests;
			productName = MusicWireframeUITests;
			productReference = 0C8503A522E7836E004FD575 /* MusicWireframeUITests.xctest */;
			productType = "com.apple.product-type.bundle.ui-testing";
		};
/* End PBXNativeTarget section */

/* Begin PBXProject section */
		0C85037E22E78364004FD575 /* Project object */ = {
			isa = PBXProject;
			attributes = {
				LastSwiftUpdateCheck = 1030;
				LastUpgradeCheck = 1030;
				ORGANIZATIONNAME = "Riad Mohamed";
				TargetAttributes = {
					0C85038522E78364004FD575 = {
						CreatedOnToolsVersion = 10.3;
					};
					0C85039922E7836E004FD575 = {
						CreatedOnToolsVersion = 10.3;
						TestTargetID = 0C85038522E78364004FD575;
					};
					0C8503A422E7836E004FD575 = {
						CreatedOnToolsVersion = 10.3;
						TestTargetID = 0C85038522E78364004FD575;
					};
				};
			};
			buildConfigurationList = 0C85038122E78364004FD575 /* Build configuration list for PBXProject "MusicWireframe" */;
			compatibilityVersion = "Xcode 9.3";
			developmentRegion = en;
			hasScannedForEncodings = 0;
			knownRegions = (
				en,
				Base,
			);
			mainGroup = 0C85037D22E78364004FD575;
			productRefGroup = 0C85038722E78364004FD575 /* Products */;
			projectDirPath = "";
			projectRoot = "";
			targets = (
				0C85038522E78364004FD575 /* MusicWireframe */,
				0C85039922E7836E004FD575 /* MusicWireframeTests */,
				0C8503A422E7836E004FD575 /* MusicWireframeUITests */,
			);
		};
/* End PBXProject section */

/* Begin PBXResourcesBuildPhase section */
		0C85038422E78364004FD575 /* Resources */ = {
			isa = PBXResourcesBuildPhase;
			buildActionMask = 2147483647;
			files = (
				0C85039422E7836E004FD575 /* LaunchScreen.storyboard in Resources */,
				0C85039122E7836E004FD575 /* Assets.xcassets in Resources */,
				0C85038F22E78364004FD575 /* Main.storyboard in Resources */,
			);
			runOnlyForDeploymentPostprocessing = 0;
		};
		0C85039822E7836E004FD575 /* Resources */ = {
			isa = PBXResourcesBuildPhase;
			buildActionMask = 2147483647;
			files = (
			);
			runOnlyForDeploymentPostprocessing = 0;
		};
		0C8503A322E7836E004FD575 /* Resources */ = {
			isa = PBXResourcesBuildPhase;
			buildActionMask = 2147483647;
			files = (
			);
			runOnlyForDeploymentPostprocessing = 0;
		};
/* End PBXResourcesBuildPhase section */

/* Begin PBXSourcesBuildPhase section */
		0C85038222E78364004FD575 /* Sources */ = {
			isa = PBXSourcesBuildPhase;
			buildActionMask = 2147483647;
			files = (
				0C85038C22E78364004FD575 /* ViewController.swift in Sources */,
				0C85038A22E78364004FD575 /* AppDelegate.swift in Sources */,
			);
			runOnlyForDeploymentPostprocessing = 0;
		};
		0C85039622E7836E004FD575 /* Sources */ = {
			isa = PBXSourcesBuildPhase;
			buildActionMask = 2147483647;
			files = (
				0C85039F22E7836E004FD575 /* MusicWireframeTests.swift in Sources */,
			);
			runOnlyForDeploymentPostprocessing = 0;
		};
		0C8503A122E7836E004FD575 /* Sources */ = {
			isa = PBXSourcesBuildPhase;
			buildActionMask = 2147483647;
			files = (
				0C8503AA22E7836E004FD575 /* MusicWireframeUITests.swift in Sources */,
			);
			runOnlyForDeploymentPostprocessing = 0;
		};
/* End PBXSourcesBuildPhase section */

/* Begin PBXTargetDependency section */
		0C85039C22E7836E004FD575 /* PBXTargetDependency */ = {
			isa = PBXTargetDependency;
			target = 0C85038522E78364004FD575 /* MusicWireframe */;
			targetProxy = 0C85039B22E7836E004FD575 /* PBXContainerItemProxy */;
		};
		0C8503A722E7836E004FD575 /* PBXTargetDependency */ = {
			isa = PBXTargetDependency;
			target = 0C85038522E78364004FD575 /* MusicWireframe */;
			targetProxy = 0C8503A622E7836E004FD575 /* PBXContainerItemProxy */;
		};
/* End PBXTargetDependency section */

/* Begin PBXVariantGroup section */
		0C85038D22E78364004FD575 /* Main.storyboard */ = {
			isa = PBXVariantGroup;
			children = (
				0C85038E22E78364004FD575 /* Base */,
			);
			name = Main.storyboard;
			sourceTree = "<group>";
		};
		0C85039222E7836E004FD575 /* LaunchScreen.storyboard */ = {
			isa = PBXVariantGroup;
			children = (
				0C85039322E7836E004FD575 /* Base */,
			);
			name = LaunchScreen.storyboard;
			sourceTree = "<group>";
		};
/* End PBXVariantGroup section */

/* Begin XCBuildConfiguration section */
		0C8503AC22E7836E004FD575 /* Debug */ = {
			isa = XCBuildConfiguration;
			buildSettings = {
				ALWAYS_SEARCH_USER_PATHS = NO;
				CLANG_ANALYZER_NONNULL = YES;
				CLANG_ANALYZER_NUMBER_OBJECT_CONVERSION = YES_AGGRESSIVE;
				CLANG_CXX_LANGUAGE_STANDARD = "gnu++14";
				CLANG_CXX_LIBRARY = "libc++";
				CLANG_ENABLE_MODULES = YES;
				CLANG_ENABLE_OBJC_ARC = YES;
				CLANG_ENABLE_OBJC_WEAK = YES;
				CLANG_WARN_BLOCK_CAPTURE_AUTORELEASING = YES;
				CLANG_WARN_BOOL_CONVERSION = YES;
				CLANG_WARN_COMMA = YES;
				CLANG_WARN_CONSTANT_CONVERSION = YES;
				CLANG_WARN_DEPRECATED_OBJC_IMPLEMENTATIONS = YES;
				CLANG_WARN_DIRECT_OBJC_ISA_USAGE = YES_ERROR;
				CLANG_WARN_DOCUMENTATION_COMMENTS = YES;
				CLANG_WARN_EMPTY_BODY = YES;
				CLANG_WARN_ENUM_CONVERSION = YES;
				CLANG_WARN_INFINITE_RECURSION = YES;
				CLANG_WARN_INT_CONVERSION = YES;
				CLANG_WARN_NON_LITERAL_NULL_CONVERSION = YES;
				CLANG_WARN_OBJC_IMPLICIT_RETAIN_SELF = YES;
				CLANG_WARN_OBJC_LITERAL_CONVERSION = YES;
				CLANG_WARN_OBJC_ROOT_CLASS = YES_ERROR;
				CLANG_WARN_RANGE_LOOP_ANALYSIS = YES;
				CLANG_WARN_STRICT_PROTOTYPES = YES;
				CLANG_WARN_SUSPICIOUS_MOVE = YES;
				CLANG_WARN_UNGUARDED_AVAILABILITY = YES_AGGRESSIVE;
				CLANG_WARN_UNREACHABLE_CODE = YES;
				CLANG_WARN__DUPLICATE_METHOD_MATCH = YES;
				CODE_SIGN_IDENTITY = "iPhone Developer";
				COPY_PHASE_STRIP = NO;
				DEBUG_INFORMATION_FORMAT = dwarf;
				ENABLE_STRICT_OBJC_MSGSEND = YES;
				ENABLE_TESTABILITY = YES;
				GCC_C_LANGUAGE_STANDARD = gnu11;
				GCC_DYNAMIC_NO_PIC = NO;
				GCC_NO_COMMON_BLOCKS = YES;
				GCC_OPTIMIZATION_LEVEL = 0;
				GCC_PREPROCESSOR_DEFINITIONS = (
					"DEBUG=1",
					"$(inherited)",
				);
				GCC_WARN_64_TO_32_BIT_CONVERSION = YES;
				GCC_WARN_ABOUT_RETURN_TYPE = YES_ERROR;
				GCC_WARN_UNDECLARED_SELECTOR = YES;
				GCC_WARN_UNINITIALIZED_AUTOS = YES_AGGRESSIVE;
				GCC_WARN_UNUSED_FUNCTION = YES;
				GCC_WARN_UNUSED_VARIABLE = YES;
				IPHONEOS_DEPLOYMENT_TARGET = 12.4;
				MTL_ENABLE_DEBUG_INFO = INCLUDE_SOURCE;
				MTL_FAST_MATH = YES;
				ONLY_ACTIVE_ARCH = YES;
				SDKROOT = iphoneos;
				SWIFT_ACTIVE_COMPILATION_CONDITIONS = DEBUG;
				SWIFT_OPTIMIZATION_LEVEL = "-Onone";
			};
			name = Debug;
		};
		0C8503AD22E7836E004FD575 /* Release */ = {
			isa = XCBuildConfiguration;
			buildSettings = {
				ALWAYS_SEARCH_USER_PATHS = NO;
				CLANG_ANALYZER_NONNULL = YES;
				CLANG_ANALYZER_NUMBER_OBJECT_CONVERSION = YES_AGGRESSIVE;
				CLANG_CXX_LANGUAGE_STANDARD = "gnu++14";
				CLANG_CXX_LIBRARY = "libc++";
				CLANG_ENABLE_MODULES = YES;
				CLANG_ENABLE_OBJC_ARC = YES;
				CLANG_ENABLE_OBJC_WEAK = YES;
				CLANG_WARN_BLOCK_CAPTURE_AUTORELEASING = YES;
				CLANG_WARN_BOOL_CONVERSION = YES;
				CLANG_WARN_COMMA = YES;
				CLANG_WARN_CONSTANT_CONVERSION = YES;
				CLANG_WARN_DEPRECATED_OBJC_IMPLEMENTATIONS = YES;
				CLANG_WARN_DIRECT_OBJC_ISA_USAGE = YES_ERROR;
				CLANG_WARN_DOCUMENTATION_COMMENTS = YES;
				CLANG_WARN_EMPTY_BODY = YES;
				CLANG_WARN_ENUM_CONVERSION = YES;
				CLANG_WARN_INFINITE_RECURSION = YES;
				CLANG_WARN_INT_CONVERSION = YES;
				CLANG_WARN_NON_LITERAL_NULL_CONVERSION = YES;
				CLANG_WARN_OBJC_IMPLICIT_RETAIN_SELF = YES;
				CLANG_WARN_OBJC_LITERAL_CONVERSION = YES;
				CLANG_WARN_OBJC_ROOT_CLASS = YES_ERROR;
				CLANG_WARN_RANGE_LOOP_ANALYSIS = YES;
				CLANG_WARN_STRICT_PROTOTYPES = YES;
				CLANG_WARN_SUSPICIOUS_MOVE = YES;
				CLANG_WARN_UNGUARDED_AVAILABILITY = YES_AGGRESSIVE;
				CLANG_WARN_UNREACHABLE_CODE = YES;
				CLANG_WARN__DUPLICATE_METHOD_MATCH = YES;
				CODE_SIGN_IDENTITY = "iPhone Developer";
				COPY_PHASE_STRIP = NO;
				DEBUG_INFORMATION_FORMAT = "dwarf-with-dsym";
				ENABLE_NS_ASSERTIONS = NO;
				ENABLE_STRICT_OBJC_MSGSEND = YES;
				GCC_C_LANGUAGE_STANDARD = gnu11;
				GCC_NO_COMMON_BLOCKS = YES;
				GCC_WARN_64_TO_32_BIT_CONVERSION = YES;
				GCC_WARN_ABOUT_RETURN_TYPE = YES_ERROR;
				GCC_WARN_UNDECLARED_SELECTOR = YES;
				GCC_WARN_UNINITIALIZED_AUTOS = YES_AGGRESSIVE;
				GCC_WARN_UNUSED_FUNCTION = YES;
				GCC_WARN_UNUSED_VARIABLE = YES;
				IPHONEOS_DEPLOYMENT_TARGET = 12.4;
				MTL_ENABLE_DEBUG_INFO = NO;
				MTL_FAST_MATH = YES;
				SDKROOT = iphoneos;
				SWIFT_COMPILATION_MODE = wholemodule;
				SWIFT_OPTIMIZATION_LEVEL = "-O";
				VALIDATE_PRODUCT = YES;
			};
			name = Release;
		};
		0C8503AF22E7836E004FD575 /* Debug */ = {
			isa = XCBuildConfiguration;
			buildSettings = {
				ASSETCATALOG_COMPILER_APPICON_NAME = AppIcon;
				CODE_SIGN_STYLE = Automatic;
				DEVELOPMENT_TEAM = 3MF3X44AK3;
				INFOPLIST_FILE = MusicWireframe/Info.plist;
				LD_RUNPATH_SEARCH_PATHS = (
					"$(inherited)",
					"@executable_path/Frameworks",
				);
				PRODUCT_BUNDLE_IDENTIFIER = RiadMohamed.MusicWireframe;
				PRODUCT_NAME = "$(TARGET_NAME)";
				SWIFT_VERSION = 5.0;
				TARGETED_DEVICE_FAMILY = "1,2";
			};
			name = Debug;
		};
		0C8503B022E7836E004FD575 /* Release */ = {
			isa = XCBuildConfiguration;
			buildSettings = {
				ASSETCATALOG_COMPILER_APPICON_NAME = AppIcon;
				CODE_SIGN_STYLE = Automatic;
				DEVELOPMENT_TEAM = 3MF3X44AK3;
				INFOPLIST_FILE = MusicWireframe/Info.plist;
				LD_RUNPATH_SEARCH_PATHS = (
					"$(inherited)",
					"@executable_path/Frameworks",
				);
				PRODUCT_BUNDLE_IDENTIFIER = RiadMohamed.MusicWireframe;
				PRODUCT_NAME = "$(TARGET_NAME)";
				SWIFT_VERSION = 5.0;
				TARGETED_DEVICE_FAMILY = "1,2";
			};
			name = Release;
		};
		0C8503B222E7836E004FD575 /* Debug */ = {
			isa = XCBuildConfiguration;
			buildSettings = {
				ALWAYS_EMBED_SWIFT_STANDARD_LIBRARIES = YES;
				BUNDLE_LOADER = "$(TEST_HOST)";
				CODE_SIGN_STYLE = Automatic;
				DEVELOPMENT_TEAM = 3MF3X44AK3;
				INFOPLIST_FILE = MusicWireframeTests/Info.plist;
				LD_RUNPATH_SEARCH_PATHS = (
					"$(inherited)",
					"@executable_path/Frameworks",
					"@loader_path/Frameworks",
				);
				PRODUCT_BUNDLE_IDENTIFIER = RiadMohamed.MusicWireframeTests;
				PRODUCT_NAME = "$(TARGET_NAME)";
				SWIFT_VERSION = 5.0;
				TARGETED_DEVICE_FAMILY = "1,2";
				TEST_HOST = "$(BUILT_PRODUCTS_DIR)/MusicWireframe.app/MusicWireframe";
			};
			name = Debug;
		};
		0C8503B322E7836E004FD575 /* Release */ = {
			isa = XCBuildConfiguration;
			buildSettings = {
				ALWAYS_EMBED_SWIFT_STANDARD_LIBRARIES = YES;
				BUNDLE_LOADER = "$(TEST_HOST)";
				CODE_SIGN_STYLE = Automatic;
				DEVELOPMENT_TEAM = 3MF3X44AK3;
				INFOPLIST_FILE = MusicWireframeTests/Info.plist;
				LD_RUNPATH_SEARCH_PATHS = (
					"$(inherited)",
					"@executable_path/Frameworks",
					"@loader_path/Frameworks",
				);
				PRODUCT_BUNDLE_IDENTIFIER = RiadMohamed.MusicWireframeTests;
				PRODUCT_NAME = "$(TARGET_NAME)";
				SWIFT_VERSION = 5.0;
				TARGETED_DEVICE_FAMILY = "1,2";
				TEST_HOST = "$(BUILT_PRODUCTS_DIR)/MusicWireframe.app/MusicWireframe";
			};
			name = Release;
		};
		0C8503B522E7836E004FD575 /* Debug */ = {
			isa = XCBuildConfiguration;
			buildSettings = {
				ALWAYS_EMBED_SWIFT_STANDARD_LIBRARIES = YES;
				CODE_SIGN_STYLE = Automatic;
				DEVELOPMENT_TEAM = 3MF3X44AK3;
				INFOPLIST_FILE = MusicWireframeUITests/Info.plist;
				LD_RUNPATH_SEARCH_PATHS = (
					"$(inherited)",
					"@executable_path/Frameworks",
					"@loader_path/Frameworks",
				);
				PRODUCT_BUNDLE_IDENTIFIER = RiadMohamed.MusicWireframeUITests;
				PRODUCT_NAME = "$(TARGET_NAME)";
				SWIFT_VERSION = 5.0;
				TARGETED_DEVICE_FAMILY = "1,2";
				TEST_TARGET_NAME = MusicWireframe;
			};
			name = Debug;
		};
		0C8503B622E7836E004FD575 /* Release */ = {
			isa = XCBuildConfiguration;
			buildSettings = {
				ALWAYS_EMBED_SWIFT_STANDARD_LIBRARIES = YES;
				CODE_SIGN_STYLE = Automatic;
				DEVELOPMENT_TEAM = 3MF3X44AK3;
				INFOPLIST_FILE = MusicWireframeUITests/Info.plist;
				LD_RUNPATH_SEARCH_PATHS = (
					"$(inherited)",
					"@executable_path/Frameworks",
					"@loader_path/Frameworks",
				);
				PRODUCT_BUNDLE_IDENTIFIER = RiadMohamed.MusicWireframeUITests;
				PRODUCT_NAME = "$(TARGET_NAME)";
				SWIFT_VERSION = 5.0;
				TARGETED_DEVICE_FAMILY = "1,2";
				TEST_TARGET_NAME = MusicWireframe;
			};
			name = Release;
		};
/* End XCBuildConfiguration section */

/* Begin XCConfigurationList section */
		0C85038122E78364004FD575 /* Build configuration list for PBXProject "MusicWireframe" */ = {
			isa = XCConfigurationList;
			buildConfigurations = (
				0C8503AC22E7836E004FD575 /* Debug */,
				0C8503AD22E7836E004FD575 /* Release */,
			);
			defaultConfigurationIsVisible = 0;
			defaultConfigurationName = Release;
		};
		0C8503AE22E7836E004FD575 /* Build configuration list for PBXNativeTarget "MusicWireframe" */ = {
			isa = XCConfigurationList;
			buildConfigurations = (
				0C8503AF22E7836E004FD575 /* Debug */,
				0C8503B022E7836E004FD575 /* Release */,
			);
			defaultConfigurationIsVisible = 0;
			defaultConfigurationName = Release;
		};
		0C8503B122E7836E004FD575 /* Build configuration list for PBXNativeTarget "MusicWireframeTests" */ = {
			isa = XCConfigurationList;
			buildConfigurations = (
				0C8503B222E7836E004FD575 /* Debug */,
				0C8503B322E7836E004FD575 /* Release */,
			);
			defaultConfigurationIsVisible = 0;
			defaultConfigurationName = Release;
		};
		0C8503B422E7836E004FD575 /* Build configuration list for PBXNativeTarget "MusicWireframeUITests" */ = {
			isa = XCConfigurationList;
			buildConfigurations = (
				0C8503B522E7836E004FD575 /* Debug */,
				0C8503B622E7836E004FD575 /* Release */,
			);
			defaultConfigurationIsVisible = 0;
			defaultConfigurationName = Release;
		};
/* End XCConfigurationList section */
	};
	rootObject = 0C85037E22E78364004FD575 /* Project object */;
}
